
Microsoft Visual Studio Solution File, Format Version 12.00
# Visual Studio Version 17
VisualStudioVersion = 17.4.33110.190
MinimumVisualStudioVersion = 10.0.40219.1
Project("{FAE04EC0-301F-11D3-BF4B-00C04F79EFBC}") = "1670_Job", "1670_Job\1670_Job.csproj", "{43F20123-F2EC-491A-A75E-0CC83799C643}"
EndProject
Global
	GlobalSection(SolutionConfigurationPlatforms) = preSolution
		Debug|Any CPU = Debug|Any CPU
		Release|Any CPU = Release|Any CPU
	EndGlobalSection
	GlobalSection(ProjectConfigurationPlatforms) = postSolution
		{43F20123-F2EC-491A-A75E-0CC83799C643}.Debug|Any CPU.ActiveCfg = Debug|Any CPU
		{43F20123-F2EC-491A-A75E-0CC83799C643}.Debug|Any CPU.Build.0 = Debug|Any CPU
		{43F20123-F2EC-491A-A75E-0CC83799C643}.Release|Any CPU.ActiveCfg = Release|Any CPU
		{43F20123-F2EC-491A-A75E-0CC83799C643}.Release|Any CPU.Build.0 = Release|Any CPU
	EndGlobalSection
	GlobalSection(SolutionProperties) = preSolution
		HideSolutionNode = FALSE
	EndGlobalSection
	GlobalSection(ExtensibilityGlobals) = postSolution
		SolutionGuid = {993D7E05-EA3D-4D74-B048-B3674EC1B228}
	EndGlobalSection
EndGlobal
